
Microsoft Visual Studio Solution File, Format Version 12.00
# Visual Studio Version 17
VisualStudioVersion = 17.2.32630.192
MinimumVisualStudioVersion = 10.0.40219.1
Project("{9A19103F-16F7-4668-BE54-9A1E7A4F7556}") = "R5T.Z0055", "R5T.Z0055\R5T.Z0055.csproj", "{22C56F52-94C7-4184-9479-16B3045880EA}"
EndProject
Project("{2150E333-8FDC-42A3-9474-1A3956D46DE8}") = "_Dependencies", "_Dependencies", "{03680BB5-AE3D-4941-B511-BE91062F14E2}"
EndProject
Project("{9A19103F-16F7-4668-BE54-9A1E7A4F7556}") = "R5T.T0132", "..\..\R5T.T0132\source\R5T.T0132\R5T.T0132.csproj", "{D0358D4D-2FF2-430B-840E-C430109C84F9}"
EndProject
Project("{9A19103F-16F7-4668-BE54-9A1E7A4F7556}") = "R5T.T0143", "..\..\R5T.T0143\source\R5T.T0143\R5T.T0143.csproj", "{553C9FC5-C91A-4DB2-94AD-40DF3EC97CC6}"
EndProject
Project("{9A19103F-16F7-4668-BE54-9A1E7A4F7556}") = "R5T.T0178", "..\..\R5T.T0178\source\R5T.T0178\R5T.T0178.csproj", "{444C4DEE-AFA8-474F-BB6B-C54231F979BE}"
EndProject
Project("{9A19103F-16F7-4668-BE54-9A1E7A4F7556}") = "R5T.T0179", "..\..\R5T.T0179\source\R5T.T0179\R5T.T0179.csproj", "{E29D3ADC-5548-46CE-8340-4E624E38FFD2}"
EndProject
Project("{9A19103F-16F7-4668-BE54-9A1E7A4F7556}") = "R5T.T0185", "..\..\R5T.T0185\source\R5T.T0185\R5T.T0185.csproj", "{13E15794-D35E-4327-9BF7-FF19F457A089}"
EndProject
Project("{9A19103F-16F7-4668-BE54-9A1E7A4F7556}") = "R5T.T0203", "..\..\R5T.T0203\source\R5T.T0203\R5T.T0203.csproj", "{A133F56C-C875-4A65-82DE-C3747BC8690C}"
EndProject
Project("{9A19103F-16F7-4668-BE54-9A1E7A4F7556}") = "R5T.T0212", "..\..\R5T.T0212\source\R5T.T0212\R5T.T0212.csproj", "{37B128E4-4D22-4EDA-85C9-A2C14D063477}"
EndProject
Project("{9A19103F-16F7-4668-BE54-9A1E7A4F7556}") = "R5T.T0131", "..\..\R5T.T0131\source\R5T.T0131\R5T.T0131.csproj", "{ED632216-E858-4AE0-A30E-11FE68F3B089}"
EndProject
Global
	GlobalSection(NestedProjects) = preSolution
		{D0358D4D-2FF2-430B-840E-C430109C84F9} = {03680BB5-AE3D-4941-B511-BE91062F14E2}
		{553C9FC5-C91A-4DB2-94AD-40DF3EC97CC6} = {03680BB5-AE3D-4941-B511-BE91062F14E2}
		{444C4DEE-AFA8-474F-BB6B-C54231F979BE} = {03680BB5-AE3D-4941-B511-BE91062F14E2}
		{E29D3ADC-5548-46CE-8340-4E624E38FFD2} = {03680BB5-AE3D-4941-B511-BE91062F14E2}
		{13E15794-D35E-4327-9BF7-FF19F457A089} = {03680BB5-AE3D-4941-B511-BE91062F14E2}
		{A133F56C-C875-4A65-82DE-C3747BC8690C} = {03680BB5-AE3D-4941-B511-BE91062F14E2}
		{37B128E4-4D22-4EDA-85C9-A2C14D063477} = {03680BB5-AE3D-4941-B511-BE91062F14E2}
		{ED632216-E858-4AE0-A30E-11FE68F3B089} = {03680BB5-AE3D-4941-B511-BE91062F14E2}
	EndGlobalSection
	GlobalSection(SolutionConfigurationPlatforms) = preSolution
		Debug|Any CPU = Debug|Any CPU
		Release|Any CPU = Release|Any CPU
	EndGlobalSection
	GlobalSection(ProjectConfigurationPlatforms) = postSolution
		{22C56F52-94C7-4184-9479-16B3045880EA}.Debug|Any CPU.ActiveCfg = Debug|Any CPU
		{22C56F52-94C7-4184-9479-16B3045880EA}.Debug|Any CPU.Build.0 = Debug|Any CPU
		{22C56F52-94C7-4184-9479-16B3045880EA}.Release|Any CPU.ActiveCfg = Release|Any CPU
		{22C56F52-94C7-4184-9479-16B3045880EA}.Release|Any CPU.Build.0 = Release|Any CPU
		{D0358D4D-2FF2-430B-840E-C430109C84F9}.Debug|Any CPU.ActiveCfg = Debug|Any CPU
		{D0358D4D-2FF2-430B-840E-C430109C84F9}.Debug|Any CPU.Build.0 = Debug|Any CPU
		{D0358D4D-2FF2-430B-840E-C430109C84F9}.Release|Any CPU.ActiveCfg = Release|Any CPU
		{D0358D4D-2FF2-430B-840E-C430109C84F9}.Release|Any CPU.Build.0 = Release|Any CPU
		{553C9FC5-C91A-4DB2-94AD-40DF3EC97CC6}.Debug|Any CPU.ActiveCfg = Debug|Any CPU
		{553C9FC5-C91A-4DB2-94AD-40DF3EC97CC6}.Debug|Any CPU.Build.0 = Debug|Any CPU
		{553C9FC5-C91A-4DB2-94AD-40DF3EC97CC6}.Release|Any CPU.ActiveCfg = Release|Any CPU
		{553C9FC5-C91A-4DB2-94AD-40DF3EC97CC6}.Release|Any CPU.Build.0 = Release|Any CPU
		{444C4DEE-AFA8-474F-BB6B-C54231F979BE}.Debug|Any CPU.ActiveCfg = Debug|Any CPU
		{444C4DEE-AFA8-474F-BB6B-C54231F979BE}.Debug|Any CPU.Build.0 = Debug|Any CPU
		{444C4DEE-AFA8-474F-BB6B-C54231F979BE}.Release|Any CPU.ActiveCfg = Release|Any CPU
		{444C4DEE-AFA8-474F-BB6B-C54231F979BE}.Release|Any CPU.Build.0 = Release|Any CPU
		{E29D3ADC-5548-46CE-8340-4E624E38FFD2}.Debug|Any CPU.ActiveCfg = Debug|Any CPU
		{E29D3ADC-5548-46CE-8340-4E624E38FFD2}.Debug|Any CPU.Build.0 = Debug|Any CPU
		{E29D3ADC-5548-46CE-8340-4E624E38FFD2}.Release|Any CPU.ActiveCfg = Release|Any CPU
		{E29D3ADC-5548-46CE-8340-4E624E38FFD2}.Release|Any CPU.Build.0 = Release|Any CPU
		{13E15794-D35E-4327-9BF7-FF19F457A089}.Debug|Any CPU.ActiveCfg = Debug|Any CPU
		{13E15794-D35E-4327-9BF7-FF19F457A089}.Debug|Any CPU.Build.0 = Debug|Any CPU
		{13E15794-D35E-4327-9BF7-FF19F457A089}.Release|Any CPU.ActiveCfg = Release|Any CPU
		{13E15794-D35E-4327-9BF7-FF19F457A089}.Release|Any CPU.Build.0 = Release|Any CPU
		{A133F56C-C875-4A65-82DE-C3747BC8690C}.Debug|Any CPU.ActiveCfg = Debug|Any CPU
		{A133F56C-C875-4A65-82DE-C3747BC8690C}.Debug|Any CPU.Build.0 = Debug|Any CPU
		{A133F56C-C875-4A65-82DE-C3747BC8690C}.Release|Any CPU.ActiveCfg = Release|Any CPU
		{A133F56C-C875-4A65-82DE-C3747BC8690C}.Release|Any CPU.Build.0 = Release|Any CPU
		{37B128E4-4D22-4EDA-85C9-A2C14D063477}.Debug|Any CPU.ActiveCfg = Debug|Any CPU
		{37B128E4-4D22-4EDA-85C9-A2C14D063477}.Debug|Any CPU.Build.0 = Debug|Any CPU
		{37B128E4-4D22-4EDA-85C9-A2C14D063477}.Release|Any CPU.ActiveCfg = Release|Any CPU
		{37B128E4-4D22-4EDA-85C9-A2C14D063477}.Release|Any CPU.Build.0 = Release|Any CPU
		{ED632216-E858-4AE0-A30E-11FE68F3B089}.Debug|Any CPU.ActiveCfg = Debug|Any CPU
		{ED632216-E858-4AE0-A30E-11FE68F3B089}.Debug|Any CPU.Build.0 = Debug|Any CPU
		{ED632216-E858-4AE0-A30E-11FE68F3B089}.Release|Any CPU.ActiveCfg = Release|Any CPU
		{ED632216-E858-4AE0-A30E-11FE68F3B089}.Release|Any CPU.Build.0 = Release|Any CPU
	EndGlobalSection
	GlobalSection(SolutionProperties) = preSolution
		HideSolutionNode = FALSE
	EndGlobalSection
	GlobalSection(ExtensibilityGlobals) = postSolution
		SolutionGuid = {7417F2BF-7ED8-4782-BB00-1CED164BB28E}
	EndGlobalSection
EndGlobal
