
Microsoft Visual Studio Solution File, Format Version 12.00
# Visual Studio Version 17
VisualStudioVersion = 17.2.32630.192
MinimumVisualStudioVersion = 10.0.40219.1
Project("{9A19103F-16F7-4668-BE54-9A1E7A4F7556}") = "R5T.Z0055.Construction", "R5T.Z0055.Construction\R5T.Z0055.Construction.csproj", "{D159B7CB-F483-4336-97E3-9FCEA9B34158}"
EndProject
Project("{9A19103F-16F7-4668-BE54-9A1E7A4F7556}") = "R5T.Z0055", "R5T.Z0055\R5T.Z0055.csproj", "{937E8D90-5B5A-4C2A-8EE6-1CA1232B9AB8}"
EndProject
Project("{2150E333-8FDC-42A3-9474-1A3956D46DE8}") = "_Dependencies", "_Dependencies", "{0E2F36B4-0683-425A-A407-18AF2D5B3319}"
EndProject
Project("{9A19103F-16F7-4668-BE54-9A1E7A4F7556}") = "R5T.T0132", "..\..\R5T.T0132\source\R5T.T0132\R5T.T0132.csproj", "{89C6D3A6-F64A-4ED5-94A4-B65032A1CE1C}"
EndProject
Project("{9A19103F-16F7-4668-BE54-9A1E7A4F7556}") = "R5T.T0143", "..\..\R5T.T0143\source\R5T.T0143\R5T.T0143.csproj", "{CF0289F5-2D2A-4522-BBC3-CCFEE2E308CF}"
EndProject
Project("{9A19103F-16F7-4668-BE54-9A1E7A4F7556}") = "R5T.T0178", "..\..\R5T.T0178\source\R5T.T0178\R5T.T0178.csproj", "{57CF85A3-D371-4B76-A99B-C35207868047}"
EndProject
Project("{9A19103F-16F7-4668-BE54-9A1E7A4F7556}") = "R5T.T0179", "..\..\R5T.T0179\source\R5T.T0179\R5T.T0179.csproj", "{12CBA5BD-F511-433F-AF6F-AFE7D2F6A813}"
EndProject
Project("{9A19103F-16F7-4668-BE54-9A1E7A4F7556}") = "R5T.T0185", "..\..\R5T.T0185\source\R5T.T0185\R5T.T0185.csproj", "{704F7CE9-DD9A-4080-8BDD-6DC83A6C6C25}"
EndProject
Project("{9A19103F-16F7-4668-BE54-9A1E7A4F7556}") = "R5T.T0203", "..\..\R5T.T0203\source\R5T.T0203\R5T.T0203.csproj", "{D42252D8-30EF-4DA0-A268-3DE1065EEE5E}"
EndProject
Project("{9A19103F-16F7-4668-BE54-9A1E7A4F7556}") = "R5T.T0212", "..\..\R5T.T0212\source\R5T.T0212\R5T.T0212.csproj", "{08D7DDE2-69E2-4EA0-8EA0-CCCFB68B6CCB}"
EndProject
Project("{9A19103F-16F7-4668-BE54-9A1E7A4F7556}") = "R5T.T0131", "..\..\R5T.T0131\source\R5T.T0131\R5T.T0131.csproj", "{AF798D5E-4E21-428E-88F6-8D4AD3A7686C}"
EndProject
Global
	GlobalSection(NestedProjects) = preSolution
		{89C6D3A6-F64A-4ED5-94A4-B65032A1CE1C} = {0E2F36B4-0683-425A-A407-18AF2D5B3319}
		{CF0289F5-2D2A-4522-BBC3-CCFEE2E308CF} = {0E2F36B4-0683-425A-A407-18AF2D5B3319}
		{57CF85A3-D371-4B76-A99B-C35207868047} = {0E2F36B4-0683-425A-A407-18AF2D5B3319}
		{12CBA5BD-F511-433F-AF6F-AFE7D2F6A813} = {0E2F36B4-0683-425A-A407-18AF2D5B3319}
		{704F7CE9-DD9A-4080-8BDD-6DC83A6C6C25} = {0E2F36B4-0683-425A-A407-18AF2D5B3319}
		{D42252D8-30EF-4DA0-A268-3DE1065EEE5E} = {0E2F36B4-0683-425A-A407-18AF2D5B3319}
		{08D7DDE2-69E2-4EA0-8EA0-CCCFB68B6CCB} = {0E2F36B4-0683-425A-A407-18AF2D5B3319}
		{AF798D5E-4E21-428E-88F6-8D4AD3A7686C} = {0E2F36B4-0683-425A-A407-18AF2D5B3319}
	EndGlobalSection
	GlobalSection(SolutionConfigurationPlatforms) = preSolution
		Debug|Any CPU = Debug|Any CPU
		Release|Any CPU = Release|Any CPU
	EndGlobalSection
	GlobalSection(ProjectConfigurationPlatforms) = postSolution
		{D159B7CB-F483-4336-97E3-9FCEA9B34158}.Debug|Any CPU.ActiveCfg = Debug|Any CPU
		{D159B7CB-F483-4336-97E3-9FCEA9B34158}.Debug|Any CPU.Build.0 = Debug|Any CPU
		{D159B7CB-F483-4336-97E3-9FCEA9B34158}.Release|Any CPU.ActiveCfg = Release|Any CPU
		{D159B7CB-F483-4336-97E3-9FCEA9B34158}.Release|Any CPU.Build.0 = Release|Any CPU
		{937E8D90-5B5A-4C2A-8EE6-1CA1232B9AB8}.Debug|Any CPU.ActiveCfg = Debug|Any CPU
		{937E8D90-5B5A-4C2A-8EE6-1CA1232B9AB8}.Debug|Any CPU.Build.0 = Debug|Any CPU
		{937E8D90-5B5A-4C2A-8EE6-1CA1232B9AB8}.Release|Any CPU.ActiveCfg = Release|Any CPU
		{937E8D90-5B5A-4C2A-8EE6-1CA1232B9AB8}.Release|Any CPU.Build.0 = Release|Any CPU
		{89C6D3A6-F64A-4ED5-94A4-B65032A1CE1C}.Debug|Any CPU.ActiveCfg = Debug|Any CPU
		{89C6D3A6-F64A-4ED5-94A4-B65032A1CE1C}.Debug|Any CPU.Build.0 = Debug|Any CPU
		{89C6D3A6-F64A-4ED5-94A4-B65032A1CE1C}.Release|Any CPU.ActiveCfg = Release|Any CPU
		{89C6D3A6-F64A-4ED5-94A4-B65032A1CE1C}.Release|Any CPU.Build.0 = Release|Any CPU
		{CF0289F5-2D2A-4522-BBC3-CCFEE2E308CF}.Debug|Any CPU.ActiveCfg = Debug|Any CPU
		{CF0289F5-2D2A-4522-BBC3-CCFEE2E308CF}.Debug|Any CPU.Build.0 = Debug|Any CPU
		{CF0289F5-2D2A-4522-BBC3-CCFEE2E308CF}.Release|Any CPU.ActiveCfg = Release|Any CPU
		{CF0289F5-2D2A-4522-BBC3-CCFEE2E308CF}.Release|Any CPU.Build.0 = Release|Any CPU
		{57CF85A3-D371-4B76-A99B-C35207868047}.Debug|Any CPU.ActiveCfg = Debug|Any CPU
		{57CF85A3-D371-4B76-A99B-C35207868047}.Debug|Any CPU.Build.0 = Debug|Any CPU
		{57CF85A3-D371-4B76-A99B-C35207868047}.Release|Any CPU.ActiveCfg = Release|Any CPU
		{57CF85A3-D371-4B76-A99B-C35207868047}.Release|Any CPU.Build.0 = Release|Any CPU
		{12CBA5BD-F511-433F-AF6F-AFE7D2F6A813}.Debug|Any CPU.ActiveCfg = Debug|Any CPU
		{12CBA5BD-F511-433F-AF6F-AFE7D2F6A813}.Debug|Any CPU.Build.0 = Debug|Any CPU
		{12CBA5BD-F511-433F-AF6F-AFE7D2F6A813}.Release|Any CPU.ActiveCfg = Release|Any CPU
		{12CBA5BD-F511-433F-AF6F-AFE7D2F6A813}.Release|Any CPU.Build.0 = Release|Any CPU
		{704F7CE9-DD9A-4080-8BDD-6DC83A6C6C25}.Debug|Any CPU.ActiveCfg = Debug|Any CPU
		{704F7CE9-DD9A-4080-8BDD-6DC83A6C6C25}.Debug|Any CPU.Build.0 = Debug|Any CPU
		{704F7CE9-DD9A-4080-8BDD-6DC83A6C6C25}.Release|Any CPU.ActiveCfg = Release|Any CPU
		{704F7CE9-DD9A-4080-8BDD-6DC83A6C6C25}.Release|Any CPU.Build.0 = Release|Any CPU
		{D42252D8-30EF-4DA0-A268-3DE1065EEE5E}.Debug|Any CPU.ActiveCfg = Debug|Any CPU
		{D42252D8-30EF-4DA0-A268-3DE1065EEE5E}.Debug|Any CPU.Build.0 = Debug|Any CPU
		{D42252D8-30EF-4DA0-A268-3DE1065EEE5E}.Release|Any CPU.ActiveCfg = Release|Any CPU
		{D42252D8-30EF-4DA0-A268-3DE1065EEE5E}.Release|Any CPU.Build.0 = Release|Any CPU
		{08D7DDE2-69E2-4EA0-8EA0-CCCFB68B6CCB}.Debug|Any CPU.ActiveCfg = Debug|Any CPU
		{08D7DDE2-69E2-4EA0-8EA0-CCCFB68B6CCB}.Debug|Any CPU.Build.0 = Debug|Any CPU
		{08D7DDE2-69E2-4EA0-8EA0-CCCFB68B6CCB}.Release|Any CPU.ActiveCfg = Release|Any CPU
		{08D7DDE2-69E2-4EA0-8EA0-CCCFB68B6CCB}.Release|Any CPU.Build.0 = Release|Any CPU
		{AF798D5E-4E21-428E-88F6-8D4AD3A7686C}.Debug|Any CPU.ActiveCfg = Debug|Any CPU
		{AF798D5E-4E21-428E-88F6-8D4AD3A7686C}.Debug|Any CPU.Build.0 = Debug|Any CPU
		{AF798D5E-4E21-428E-88F6-8D4AD3A7686C}.Release|Any CPU.ActiveCfg = Release|Any CPU
		{AF798D5E-4E21-428E-88F6-8D4AD3A7686C}.Release|Any CPU.Build.0 = Release|Any CPU
	EndGlobalSection
	GlobalSection(SolutionProperties) = preSolution
		HideSolutionNode = FALSE
	EndGlobalSection
	GlobalSection(ExtensibilityGlobals) = postSolution
		SolutionGuid = {B31F0528-5774-4493-A60D-3EE99A972D8C}
	EndGlobalSection
EndGlobal
